// !$*UTF8*$!
{
	archiveVersion = 1;
	classes = {
	};
	objectVersion = 46;
	objects = {

/* Begin PBXBuildFile section */
		F92D29F41A8207D700D7C598 /* ReminderViewController.swift in Sources */ = {isa = PBXBuildFile; fileRef = F92D29F31A8207D700D7C598 /* ReminderViewController.swift */; };
		F99C63B81A7DA7DE005C56E6 /* AppDelegate.swift in Sources */ = {isa = PBXBuildFile; fileRef = F99C63B71A7DA7DE005C56E6 /* AppDelegate.swift */; };
		F99C63BA1A7DA7DE005C56E6 /* RoleTableViewController.swift in Sources */ = {isa = PBXBuildFile; fileRef = F99C63B91A7DA7DE005C56E6 /* RoleTableViewController.swift */; };
		F99C63BD1A7DA7DE005C56E6 /* Main.storyboard in Resources */ = {isa = PBXBuildFile; fileRef = F99C63BB1A7DA7DE005C56E6 /* Main.storyboard */; };
		F99C63BF1A7DA7DE005C56E6 /* Images.xcassets in Resources */ = {isa = PBXBuildFile; fileRef = F99C63BE1A7DA7DE005C56E6 /* Images.xcassets */; };
		F99C63C21A7DA7DE005C56E6 /* LaunchScreen.xib in Resources */ = {isa = PBXBuildFile; fileRef = F99C63C01A7DA7DE005C56E6 /* LaunchScreen.xib */; };
		F99C63CE1A7DA7DE005C56E6 /* Weekly_RemindersTests.swift in Sources */ = {isa = PBXBuildFile; fileRef = F99C63CD1A7DA7DE005C56E6 /* Weekly_RemindersTests.swift */; };
		F99C63D81A7F555D005C56E6 /* TaskTableViewController.swift in Sources */ = {isa = PBXBuildFile; fileRef = F99C63D71A7F555D005C56E6 /* TaskTableViewController.swift */; };
/* End PBXBuildFile section */

/* Begin PBXContainerItemProxy section */
		F99C63C81A7DA7DE005C56E6 /* PBXContainerItemProxy */ = {
			isa = PBXContainerItemProxy;
			containerPortal = F99C63AA1A7DA7DE005C56E6 /* Project object */;
			proxyType = 1;
			remoteGlobalIDString = F99C63B11A7DA7DE005C56E6;
			remoteInfo = "Weekly Reminders";
		};
/* End PBXContainerItemProxy section */

/* Begin PBXFileReference section */
		F92D29F31A8207D700D7C598 /* ReminderViewController.swift */ = {isa = PBXFileReference; fileEncoding = 4; lastKnownFileType = sourcecode.swift; path = ReminderViewController.swift; sourceTree = "<group>"; };
		F99C63B21A7DA7DE005C56E6 /* Weekly Reminders.app */ = {isa = PBXFileReference; explicitFileType = wrapper.application; includeInIndex = 0; path = "Weekly Reminders.app"; sourceTree = BUILT_PRODUCTS_DIR; };
		F99C63B61A7DA7DE005C56E6 /* Info.plist */ = {isa = PBXFileReference; lastKnownFileType = text.plist.xml; path = Info.plist; sourceTree = "<group>"; };
		F99C63B71A7DA7DE005C56E6 /* AppDelegate.swift */ = {isa = PBXFileReference; lastKnownFileType = sourcecode.swift; path = AppDelegate.swift; sourceTree = "<group>"; };
		F99C63B91A7DA7DE005C56E6 /* RoleTableViewController.swift */ = {isa = PBXFileReference; lastKnownFileType = sourcecode.swift; path = RoleTableViewController.swift; sourceTree = "<group>"; };
		F99C63BC1A7DA7DE005C56E6 /* Base */ = {isa = PBXFileReference; lastKnownFileType = file.storyboard; name = Base; path = Base.lproj/Main.storyboard; sourceTree = "<group>"; };
		F99C63BE1A7DA7DE005C56E6 /* Images.xcassets */ = {isa = PBXFileReference; lastKnownFileType = folder.assetcatalog; path = Images.xcassets; sourceTree = "<group>"; };
		F99C63C11A7DA7DE005C56E6 /* Base */ = {isa = PBXFileReference; lastKnownFileType = file.xib; name = Base; path = Base.lproj/LaunchScreen.xib; sourceTree = "<group>"; };
		F99C63C71A7DA7DE005C56E6 /* Weekly RemindersTests.xctest */ = {isa = PBXFileReference; explicitFileType = wrapper.cfbundle; includeInIndex = 0; path = "Weekly RemindersTests.xctest"; sourceTree = BUILT_PRODUCTS_DIR; };
		F99C63CC1A7DA7DE005C56E6 /* Info.plist */ = {isa = PBXFileReference; lastKnownFileType = text.plist.xml; path = Info.plist; sourceTree = "<group>"; };
		F99C63CD1A7DA7DE005C56E6 /* Weekly_RemindersTests.swift */ = {isa = PBXFileReference; lastKnownFileType = sourcecode.swift; path = Weekly_RemindersTests.swift; sourceTree = "<group>"; };
		F99C63D71A7F555D005C56E6 /* TaskTableViewController.swift */ = {isa = PBXFileReference; fileEncoding = 4; lastKnownFileType = sourcecode.swift; path = TaskTableViewController.swift; sourceTree = "<group>"; };
/* End PBXFileReference section */

/* Begin PBXFrameworksBuildPhase section */
		F99C63AF1A7DA7DE005C56E6 /* Frameworks */ = {
			isa = PBXFrameworksBuildPhase;
			buildActionMask = 2147483647;
			files = (
			);
			runOnlyForDeploymentPostprocessing = 0;
		};
		F99C63C41A7DA7DE005C56E6 /* Frameworks */ = {
			isa = PBXFrameworksBuildPhase;
			buildActionMask = 2147483647;
			files = (
			);
			runOnlyForDeploymentPostprocessing = 0;
		};
/* End PBXFrameworksBuildPhase section */

/* Begin PBXGroup section */
		F99C63A91A7DA7DE005C56E6 = {
			isa = PBXGroup;
			children = (
				F99C63B41A7DA7DE005C56E6 /* Weekly Reminders */,
				F99C63CA1A7DA7DE005C56E6 /* Weekly RemindersTests */,
				F99C63B31A7DA7DE005C56E6 /* Products */,
			);
			sourceTree = "<group>";
		};
		F99C63B31A7DA7DE005C56E6 /* Products */ = {
			isa = PBXGroup;
			children = (
				F99C63B21A7DA7DE005C56E6 /* Weekly Reminders.app */,
				F99C63C71A7DA7DE005C56E6 /* Weekly RemindersTests.xctest */,
			);
			name = Products;
			sourceTree = "<group>";
		};
		F99C63B41A7DA7DE005C56E6 /* Weekly Reminders */ = {
			isa = PBXGroup;
			children = (
				F99C63B71A7DA7DE005C56E6 /* AppDelegate.swift */,
				F99C63B91A7DA7DE005C56E6 /* RoleTableViewController.swift */,
				F99C63D71A7F555D005C56E6 /* TaskTableViewController.swift */,
				F92D29F31A8207D700D7C598 /* ReminderViewController.swift */,
				F99C63BB1A7DA7DE005C56E6 /* Main.storyboard */,
				F99C63B51A7DA7DE005C56E6 /* Supporting Files */,
			);
			path = "Weekly Reminders";
			sourceTree = "<group>";
		};
		F99C63B51A7DA7DE005C56E6 /* Supporting Files */ = {
			isa = PBXGroup;
			children = (
				F99C63BE1A7DA7DE005C56E6 /* Images.xcassets */,
				F99C63C01A7DA7DE005C56E6 /* LaunchScreen.xib */,
				F99C63B61A7DA7DE005C56E6 /* Info.plist */,
			);
			name = "Supporting Files";
			sourceTree = "<group>";
		};
		F99C63CA1A7DA7DE005C56E6 /* Weekly RemindersTests */ = {
			isa = PBXGroup;
			children = (
				F99C63CD1A7DA7DE005C56E6 /* Weekly_RemindersTests.swift */,
				F99C63CB1A7DA7DE005C56E6 /* Supporting Files */,
			);
			path = "Weekly RemindersTests";
			sourceTree = "<group>";
		};
		F99C63CB1A7DA7DE005C56E6 /* Supporting Files */ = {
			isa = PBXGroup;
			children = (
				F99C63CC1A7DA7DE005C56E6 /* Info.plist */,
			);
			name = "Supporting Files";
			sourceTree = "<group>";
		};
/* End PBXGroup section */

/* Begin PBXNativeTarget section */
		F99C63B11A7DA7DE005C56E6 /* Weekly Reminders */ = {
			isa = PBXNativeTarget;
			buildConfigurationList = F99C63D11A7DA7DE005C56E6 /* Build configuration list for PBXNativeTarget "Weekly Reminders" */;
			buildPhases = (
				F99C63AE1A7DA7DE005C56E6 /* Sources */,
				F99C63AF1A7DA7DE005C56E6 /* Frameworks */,
				F99C63B01A7DA7DE005C56E6 /* Resources */,
			);
			buildRules = (
			);
			dependencies = (
			);
			name = "Weekly Reminders";
			productName = "Weekly Reminders";
			productReference = F99C63B21A7DA7DE005C56E6 /* Weekly Reminders.app */;
			productType = "com.apple.product-type.application";
		};
		F99C63C61A7DA7DE005C56E6 /* Weekly RemindersTests */ = {
			isa = PBXNativeTarget;
			buildConfigurationList = F99C63D41A7DA7DE005C56E6 /* Build configuration list for PBXNativeTarget "Weekly RemindersTests" */;
			buildPhases = (
				F99C63C31A7DA7DE005C56E6 /* Sources */,
				F99C63C41A7DA7DE005C56E6 /* Frameworks */,
				F99C63C51A7DA7DE005C56E6 /* Resources */,
			);
			buildRules = (
			);
			dependencies = (
				F99C63C91A7DA7DE005C56E6 /* PBXTargetDependency */,
			);
			name = "Weekly RemindersTests";
			productName = "Weekly RemindersTests";
			productReference = F99C63C71A7DA7DE005C56E6 /* Weekly RemindersTests.xctest */;
			productType = "com.apple.product-type.bundle.unit-test";
		};
/* End PBXNativeTarget section */

/* Begin PBXProject section */
		F99C63AA1A7DA7DE005C56E6 /* Project object */ = {
			isa = PBXProject;
			attributes = {
				LastUpgradeCheck = 0610;
				ORGANIZATIONNAME = "Austen Allred";
				TargetAttributes = {
					F99C63B11A7DA7DE005C56E6 = {
						CreatedOnToolsVersion = 6.1.1;
					};
					F99C63C61A7DA7DE005C56E6 = {
						CreatedOnToolsVersion = 6.1.1;
						TestTargetID = F99C63B11A7DA7DE005C56E6;
					};
				};
			};
			buildConfigurationList = F99C63AD1A7DA7DE005C56E6 /* Build configuration list for PBXProject "Weekly Reminders" */;
			compatibilityVersion = "Xcode 3.2";
			developmentRegion = English;
			hasScannedForEncodings = 0;
			knownRegions = (
				en,
				Base,
			);
			mainGroup = F99C63A91A7DA7DE005C56E6;
			productRefGroup = F99C63B31A7DA7DE005C56E6 /* Products */;
			projectDirPath = "";
			projectRoot = "";
			targets = (
				F99C63B11A7DA7DE005C56E6 /* Weekly Reminders */,
				F99C63C61A7DA7DE005C56E6 /* Weekly RemindersTests */,
			);
		};
/* End PBXProject section */

/* Begin PBXResourcesBuildPhase section */
		F99C63B01A7DA7DE005C56E6 /* Resources */ = {
			isa = PBXResourcesBuildPhase;
			buildActionMask = 2147483647;
			files = (
				F99C63BD1A7DA7DE005C56E6 /* Main.storyboard in Resources */,
				F99C63C21A7DA7DE005C56E6 /* LaunchScreen.xib in Resources */,
				F99C63BF1A7DA7DE005C56E6 /* Images.xcassets in Resources */,
			);
			runOnlyForDeploymentPostprocessing = 0;
		};
		F99C63C51A7DA7DE005C56E6 /* Resources */ = {
			isa = PBXResourcesBuildPhase;
			buildActionMask = 2147483647;
			files = (
			);
			runOnlyForDeploymentPostprocessing = 0;
		};
/* End PBXResourcesBuildPhase section */

/* Begin PBXSourcesBuildPhase section */
		F99C63AE1A7DA7DE005C56E6 /* Sources */ = {
			isa = PBXSourcesBuildPhase;
			buildActionMask = 2147483647;
			files = (
				F92D29F41A8207D700D7C598 /* ReminderViewController.swift in Sources */,
				F99C63BA1A7DA7DE005C56E6 /* RoleTableViewController.swift in Sources */,
				F99C63B81A7DA7DE005C56E6 /* AppDelegate.swift in Sources */,
				F99C63D81A7F555D005C56E6 /* TaskTableViewController.swift in Sources */,
			);
			runOnlyForDeploymentPostprocessing = 0;
		};
		F99C63C31A7DA7DE005C56E6 /* Sources */ = {
			isa = PBXSourcesBuildPhase;
			buildActionMask = 2147483647;
			files = (
				F99C63CE1A7DA7DE005C56E6 /* Weekly_RemindersTests.swift in Sources */,
			);
			runOnlyForDeploymentPostprocessing = 0;
		};
/* End PBXSourcesBuildPhase section */

/* Begin PBXTargetDependency section */
		F99C63C91A7DA7DE005C56E6 /* PBXTargetDependency */ = {
			isa = PBXTargetDependency;
			target = F99C63B11A7DA7DE005C56E6 /* Weekly Reminders */;
			targetProxy = F99C63C81A7DA7DE005C56E6 /* PBXContainerItemProxy */;
		};
/* End PBXTargetDependency section */

/* Begin PBXVariantGroup section */
		F99C63BB1A7DA7DE005C56E6 /* Main.storyboard */ = {
			isa = PBXVariantGroup;
			children = (
				F99C63BC1A7DA7DE005C56E6 /* Base */,
			);
			name = Main.storyboard;
			sourceTree = "<group>";
		};
		F99C63C01A7DA7DE005C56E6 /* LaunchScreen.xib */ = {
			isa = PBXVariantGroup;
			children = (
				F99C63C11A7DA7DE005C56E6 /* Base */,
			);
			name = LaunchScreen.xib;
			sourceTree = "<group>";
		};
/* End PBXVariantGroup section */

/* Begin XCBuildConfiguration section */
		F99C63CF1A7DA7DE005C56E6 /* Debug */ = {
			isa = XCBuildConfiguration;
			buildSettings = {
				ALWAYS_SEARCH_USER_PATHS = NO;
				CLANG_CXX_LANGUAGE_STANDARD = "gnu++0x";
				CLANG_CXX_LIBRARY = "libc++";
				CLANG_ENABLE_MODULES = YES;
				CLANG_ENABLE_OBJC_ARC = YES;
				CLANG_WARN_BOOL_CONVERSION = YES;
				CLANG_WARN_CONSTANT_CONVERSION = YES;
				CLANG_WARN_DIRECT_OBJC_ISA_USAGE = YES_ERROR;
				CLANG_WARN_EMPTY_BODY = YES;
				CLANG_WARN_ENUM_CONVERSION = YES;
				CLANG_WARN_INT_CONVERSION = YES;
				CLANG_WARN_OBJC_ROOT_CLASS = YES_ERROR;
				CLANG_WARN_UNREACHABLE_CODE = YES;
				CLANG_WARN__DUPLICATE_METHOD_MATCH = YES;
				"CODE_SIGN_IDENTITY[sdk=iphoneos*]" = "iPhone Developer";
				COPY_PHASE_STRIP = NO;
				ENABLE_STRICT_OBJC_MSGSEND = YES;
				GCC_C_LANGUAGE_STANDARD = gnu99;
				GCC_DYNAMIC_NO_PIC = NO;
				GCC_OPTIMIZATION_LEVEL = 0;
				GCC_PREPROCESSOR_DEFINITIONS = (
					"DEBUG=1",
					"$(inherited)",
				);
				GCC_SYMBOLS_PRIVATE_EXTERN = NO;
				GCC_WARN_64_TO_32_BIT_CONVERSION = YES;
				GCC_WARN_ABOUT_RETURN_TYPE = YES_ERROR;
				GCC_WARN_UNDECLARED_SELECTOR = YES;
				GCC_WARN_UNINITIALIZED_AUTOS = YES_AGGRESSIVE;
				GCC_WARN_UNUSED_FUNCTION = YES;
				GCC_WARN_UNUSED_VARIABLE = YES;
				IPHONEOS_DEPLOYMENT_TARGET = 8.1;
				MTL_ENABLE_DEBUG_INFO = YES;
				ONLY_ACTIVE_ARCH = YES;
				SDKROOT = iphoneos;
				SWIFT_OPTIMIZATION_LEVEL = "-Onone";
			};
			name = Debug;
		};
		F99C63D01A7DA7DE005C56E6 /* Release */ = {
			isa = XCBuildConfiguration;
			buildSettings = {
				ALWAYS_SEARCH_USER_PATHS = NO;
				CLANG_CXX_LANGUAGE_STANDARD = "gnu++0x";
				CLANG_CXX_LIBRARY = "libc++";
				CLANG_ENABLE_MODULES = YES;
				CLANG_ENABLE_OBJC_ARC = YES;
				CLANG_WARN_BOOL_CONVERSION = YES;
				CLANG_WARN_CONSTANT_CONVERSION = YES;
				CLANG_WARN_DIRECT_OBJC_ISA_USAGE = YES_ERROR;
				CLANG_WARN_EMPTY_BODY = YES;
				CLANG_WARN_ENUM_CONVERSION = YES;
				CLANG_WARN_INT_CONVERSION = YES;
				CLANG_WARN_OBJC_ROOT_CLASS = YES_ERROR;
				CLANG_WARN_UNREACHABLE_CODE = YES;
				CLANG_WARN__DUPLICATE_METHOD_MATCH = YES;
				"CODE_SIGN_IDENTITY[sdk=iphoneos*]" = "iPhone Developer";
				COPY_PHASE_STRIP = YES;
				ENABLE_NS_ASSERTIONS = NO;
				ENABLE_STRICT_OBJC_MSGSEND = YES;
				GCC_C_LANGUAGE_STANDARD = gnu99;
				GCC_WARN_64_TO_32_BIT_CONVERSION = YES;
				GCC_WARN_ABOUT_RETURN_TYPE = YES_ERROR;
				GCC_WARN_UNDECLARED_SELECTOR = YES;
				GCC_WARN_UNINITIALIZED_AUTOS = YES_AGGRESSIVE;
				GCC_WARN_UNUSED_FUNCTION = YES;
				GCC_WARN_UNUSED_VARIABLE = YES;
				IPHONEOS_DEPLOYMENT_TARGET = 8.1;
				MTL_ENABLE_DEBUG_INFO = NO;
				SDKROOT = iphoneos;
				VALIDATE_PRODUCT = YES;
			};
			name = Release;
		};
		F99C63D21A7DA7DE005C56E6 /* Debug */ = {
			isa = XCBuildConfiguration;
			buildSettings = {
				ASSETCATALOG_COMPILER_APPICON_NAME = AppIcon;
				INFOPLIST_FILE = "Weekly Reminders/Info.plist";
				LD_RUNPATH_SEARCH_PATHS = "$(inherited) @executable_path/Frameworks";
				PRODUCT_NAME = "$(TARGET_NAME)";
			};
			name = Debug;
		};
		F99C63D31A7DA7DE005C56E6 /* Release */ = {
			isa = XCBuildConfiguration;
			buildSettings = {
				ASSETCATALOG_COMPILER_APPICON_NAME = AppIcon;
				INFOPLIST_FILE = "Weekly Reminders/Info.plist";
				LD_RUNPATH_SEARCH_PATHS = "$(inherited) @executable_path/Frameworks";
				PRODUCT_NAME = "$(TARGET_NAME)";
			};
			name = Release;
		};
		F99C63D51A7DA7DE005C56E6 /* Debug */ = {
			isa = XCBuildConfiguration;
			buildSettings = {
				BUNDLE_LOADER = "$(TEST_HOST)";
				FRAMEWORK_SEARCH_PATHS = (
					"$(SDKROOT)/Developer/Library/Frameworks",
					"$(inherited)",
				);
				GCC_PREPROCESSOR_DEFINITIONS = (
					"DEBUG=1",
					"$(inherited)",
				);
				INFOPLIST_FILE = "Weekly RemindersTests/Info.plist";
				LD_RUNPATH_SEARCH_PATHS = "$(inherited) @executable_path/Frameworks @loader_path/Frameworks";
				PRODUCT_NAME = "$(TARGET_NAME)";
				TEST_HOST = "$(BUILT_PRODUCTS_DIR)/Weekly Reminders.app/Weekly Reminders";
			};
			name = Debug;
		};
		F99C63D61A7DA7DE005C56E6 /* Release */ = {
			isa = XCBuildConfiguration;
			buildSettings = {
				BUNDLE_LOADER = "$(TEST_HOST)";
				FRAMEWORK_SEARCH_PATHS = (
					"$(SDKROOT)/Developer/Library/Frameworks",
					"$(inherited)",
				);
				INFOPLIST_FILE = "Weekly RemindersTests/Info.plist";
				LD_RUNPATH_SEARCH_PATHS = "$(inherited) @executable_path/Frameworks @loader_path/Frameworks";
				PRODUCT_NAME = "$(TARGET_NAME)";
				TEST_HOST = "$(BUILT_PRODUCTS_DIR)/Weekly Reminders.app/Weekly Reminders";
			};
			name = Release;
		};
/* End XCBuildConfiguration section */

/* Begin XCConfigurationList section */
		F99C63AD1A7DA7DE005C56E6 /* Build configuration list for PBXProject "Weekly Reminders" */ = {
			isa = XCConfigurationList;
			buildConfigurations = (
				F99C63CF1A7DA7DE005C56E6 /* Debug */,
				F99C63D01A7DA7DE005C56E6 /* Release */,
			);
			defaultConfigurationIsVisible = 0;
			defaultConfigurationName = Release;
		};
		F99C63D11A7DA7DE005C56E6 /* Build configuration list for PBXNativeTarget "Weekly Reminders" */ = {
			isa = XCConfigurationList;
			buildConfigurations = (
				F99C63D21A7DA7DE005C56E6 /* Debug */,
				F99C63D31A7DA7DE005C56E6 /* Release */,
			);
			defaultConfigurationIsVisible = 0;
			defaultConfigurationName = Release;
		};
		F99C63D41A7DA7DE005C56E6 /* Build configuration list for PBXNativeTarget "Weekly RemindersTests" */ = {
			isa = XCConfigurationList;
			buildConfigurations = (
				F99C63D51A7DA7DE005C56E6 /* Debug */,
				F99C63D61A7DA7DE005C56E6 /* Release */,
			);
			defaultConfigurationIsVisible = 0;
			defaultConfigurationName = Release;
		};
/* End XCConfigurationList section */
	};
	rootObject = F99C63AA1A7DA7DE005C56E6 /* Project object */;
}
